
Microsoft Visual Studio Solution File, Format Version 12.00
# Visual Studio Version 17
VisualStudioVersion = 17.2.32505.173
MinimumVisualStudioVersion = 10.0.40219.1
Project("{FAE04EC0-301F-11D3-BF4B-00C04F79EFBC}") = "kumpara", "kumpara\kumpara.csproj", "{8747E864-1A22-4E48-9A53-58E953D98A95}"
EndProject
Global
	GlobalSection(SolutionConfigurationPlatforms) = preSolution
		Debug|Any CPU = Debug|Any CPU
		Release|Any CPU = Release|Any CPU
	EndGlobalSection
	GlobalSection(ProjectConfigurationPlatforms) = postSolution
		{8747E864-1A22-4E48-9A53-58E953D98A95}.Debug|Any CPU.ActiveCfg = Debug|Any CPU
		{8747E864-1A22-4E48-9A53-58E953D98A95}.Debug|Any CPU.Build.0 = Debug|Any CPU
		{8747E864-1A22-4E48-9A53-58E953D98A95}.Release|Any CPU.ActiveCfg = Release|Any CPU
		{8747E864-1A22-4E48-9A53-58E953D98A95}.Release|Any CPU.Build.0 = Release|Any CPU
	EndGlobalSection
	GlobalSection(SolutionProperties) = preSolution
		HideSolutionNode = FALSE
	EndGlobalSection
	GlobalSection(ExtensibilityGlobals) = postSolution
		SolutionGuid = {B7185AA1-732E-426C-8C79-60DF0A6F7828}
	EndGlobalSection
EndGlobal
